
Microsoft Visual Studio Solution File, Format Version 12.00
# Visual Studio Version 17
VisualStudioVersion = 17.8.34511.84
MinimumVisualStudioVersion = 10.0.40219.1
Project("{9A19103F-16F7-4668-BE54-9A1E7A4F7556}") = "bank-app-frontend", "bank-app-frontend\bank-app-frontend.csproj", "{1F51E70A-8D0A-4D3B-8EC5-CEA9F5AAF460}"
EndProject
Global
	GlobalSection(SolutionConfigurationPlatforms) = preSolution
		Debug|Any CPU = Debug|Any CPU
		Release|Any CPU = Release|Any CPU
	EndGlobalSection
	GlobalSection(ProjectConfigurationPlatforms) = postSolution
		{1F51E70A-8D0A-4D3B-8EC5-CEA9F5AAF460}.Debug|Any CPU.ActiveCfg = Debug|Any CPU
		{1F51E70A-8D0A-4D3B-8EC5-CEA9F5AAF460}.Debug|Any CPU.Build.0 = Debug|Any CPU
		{1F51E70A-8D0A-4D3B-8EC5-CEA9F5AAF460}.Release|Any CPU.ActiveCfg = Release|Any CPU
		{1F51E70A-8D0A-4D3B-8EC5-CEA9F5AAF460}.Release|Any CPU.Build.0 = Release|Any CPU
	EndGlobalSection
	GlobalSection(SolutionProperties) = preSolution
		HideSolutionNode = FALSE
	EndGlobalSection
	GlobalSection(ExtensibilityGlobals) = postSolution
		SolutionGuid = {E8548275-1618-4025-8101-DDA7222700B4}
	EndGlobalSection
EndGlobal
